// !$*UTF8*$!
{
	archiveVersion = 1;
	classes = {
	};
	objectVersion = 46;
	objects = {

/* Begin PBXBuildFile section */
		D59D3CF71CB513A300443460 /* main.m in Sources */ = {isa = PBXBuildFile; fileRef = D59D3CF61CB513A300443460 /* main.m */; };
		D59D3CFA1CB513A300443460 /* AppDelegate.m in Sources */ = {isa = PBXBuildFile; fileRef = D59D3CF91CB513A300443460 /* AppDelegate.m */; };
		D59D3CFD1CB513A300443460 /* ViewController.m in Sources */ = {isa = PBXBuildFile; fileRef = D59D3CFC1CB513A300443460 /* ViewController.m */; };
		D59D3D001CB513A300443460 /* Main.storyboard in Resources */ = {isa = PBXBuildFile; fileRef = D59D3CFE1CB513A300443460 /* Main.storyboard */; };
		D59D3D021CB513A300443460 /* Assets.xcassets in Resources */ = {isa = PBXBuildFile; fileRef = D59D3D011CB513A300443460 /* Assets.xcassets */; };
		D59D3D051CB513A300443460 /* LaunchScreen.storyboard in Resources */ = {isa = PBXBuildFile; fileRef = D59D3D031CB513A300443460 /* LaunchScreen.storyboard */; };
		D59D3D101CB513A300443460 /* _0160406003_CoreAnimation_AppStartAnimationTests.m in Sources */ = {isa = PBXBuildFile; fileRef = D59D3D0F1CB513A300443460 /* _0160406003_CoreAnimation_AppStartAnimationTests.m */; };
		D59D3D1B1CB513A300443460 /* _0160406003_CoreAnimation_AppStartAnimationUITests.m in Sources */ = {isa = PBXBuildFile; fileRef = D59D3D1A1CB513A300443460 /* _0160406003_CoreAnimation_AppStartAnimationUITests.m */; };
		D59D3D2A1CB5147600443460 /* StartView.m in Sources */ = {isa = PBXBuildFile; fileRef = D59D3D291CB5147600443460 /* StartView.m */; };
		D59D3D2C1CB5148900443460 /* StartView.xib in Resources */ = {isa = PBXBuildFile; fileRef = D59D3D2B1CB5148900443460 /* StartView.xib */; };
		D5B6C20F1CB60B8B00EAE8D4 /* MenuViewController.m in Sources */ = {isa = PBXBuildFile; fileRef = D5B6C20D1CB60B8B00EAE8D4 /* MenuViewController.m */; };
		D5B6C2101CB60B8B00EAE8D4 /* MenuViewController.xib in Resources */ = {isa = PBXBuildFile; fileRef = D5B6C20E1CB60B8B00EAE8D4 /* MenuViewController.xib */; };
		D5B6C2131CB60DE500EAE8D4 /* MenuItemModel.m in Sources */ = {isa = PBXBuildFile; fileRef = D5B6C2121CB60DE500EAE8D4 /* MenuItemModel.m */; };
		D5B6C2161CB632C100EAE8D4 /* MenuButton.m in Sources */ = {isa = PBXBuildFile; fileRef = D5B6C2151CB632C100EAE8D4 /* MenuButton.m */; };
/* End PBXBuildFile section */

/* Begin PBXContainerItemProxy section */
		D59D3D0C1CB513A300443460 /* PBXContainerItemProxy */ = {
			isa = PBXContainerItemProxy;
			containerPortal = D59D3CEA1CB513A300443460 /* Project object */;
			proxyType = 1;
			remoteGlobalIDString = D59D3CF11CB513A300443460;
			remoteInfo = "20160406003-CoreAnimation-AppStartAnimation";
		};
		D59D3D171CB513A300443460 /* PBXContainerItemProxy */ = {
			isa = PBXContainerItemProxy;
			containerPortal = D59D3CEA1CB513A300443460 /* Project object */;
			proxyType = 1;
			remoteGlobalIDString = D59D3CF11CB513A300443460;
			remoteInfo = "20160406003-CoreAnimation-AppStartAnimation";
		};
/* End PBXContainerItemProxy section */

/* Begin PBXFileReference section */
		D59D3CF21CB513A300443460 /* 20160406003-CoreAnimation-AppStartAnimation.app */ = {isa = PBXFileReference; explicitFileType = wrapper.application; includeInIndex = 0; path = "20160406003-CoreAnimation-AppStartAnimation.app"; sourceTree = BUILT_PRODUCTS_DIR; };
		D59D3CF61CB513A300443460 /* main.m */ = {isa = PBXFileReference; lastKnownFileType = sourcecode.c.objc; path = main.m; sourceTree = "<group>"; };
		D59D3CF81CB513A300443460 /* AppDelegate.h */ = {isa = PBXFileReference; lastKnownFileType = sourcecode.c.h; path = AppDelegate.h; sourceTree = "<group>"; };
		D59D3CF91CB513A300443460 /* AppDelegate.m */ = {isa = PBXFileReference; lastKnownFileType = sourcecode.c.objc; path = AppDelegate.m; sourceTree = "<group>"; };
		D59D3CFB1CB513A300443460 /* ViewController.h */ = {isa = PBXFileReference; lastKnownFileType = sourcecode.c.h; path = ViewController.h; sourceTree = "<group>"; };
		D59D3CFC1CB513A300443460 /* ViewController.m */ = {isa = PBXFileReference; lastKnownFileType = sourcecode.c.objc; path = ViewController.m; sourceTree = "<group>"; };
		D59D3CFF1CB513A300443460 /* Base */ = {isa = PBXFileReference; lastKnownFileType = file.storyboard; name = Base; path = Base.lproj/Main.storyboard; sourceTree = "<group>"; };
		D59D3D011CB513A300443460 /* Assets.xcassets */ = {isa = PBXFileReference; lastKnownFileType = folder.assetcatalog; path = Assets.xcassets; sourceTree = "<group>"; };
		D59D3D041CB513A300443460 /* Base */ = {isa = PBXFileReference; lastKnownFileType = file.storyboard; name = Base; path = Base.lproj/LaunchScreen.storyboard; sourceTree = "<group>"; };
		D59D3D061CB513A300443460 /* Info.plist */ = {isa = PBXFileReference; lastKnownFileType = text.plist.xml; path = Info.plist; sourceTree = "<group>"; };
		D59D3D0B1CB513A300443460 /* 20160406003-CoreAnimation-AppStartAnimationTests.xctest */ = {isa = PBXFileReference; explicitFileType = wrapper.cfbundle; includeInIndex = 0; path = "20160406003-CoreAnimation-AppStartAnimationTests.xctest"; sourceTree = BUILT_PRODUCTS_DIR; };
		D59D3D0F1CB513A300443460 /* _0160406003_CoreAnimation_AppStartAnimationTests.m */ = {isa = PBXFileReference; lastKnownFileType = sourcecode.c.objc; path = _0160406003_CoreAnimation_AppStartAnimationTests.m; sourceTree = "<group>"; };
		D59D3D111CB513A300443460 /* Info.plist */ = {isa = PBXFileReference; lastKnownFileType = text.plist.xml; path = Info.plist; sourceTree = "<group>"; };
		D59D3D161CB513A300443460 /* 20160406003-CoreAnimation-AppStartAnimationUITests.xctest */ = {isa = PBXFileReference; explicitFileType = wrapper.cfbundle; includeInIndex = 0; path = "20160406003-CoreAnimation-AppStartAnimationUITests.xctest"; sourceTree = BUILT_PRODUCTS_DIR; };
		D59D3D1A1CB513A300443460 /* _0160406003_CoreAnimation_AppStartAnimationUITests.m */ = {isa = PBXFileReference; lastKnownFileType = sourcecode.c.objc; path = _0160406003_CoreAnimation_AppStartAnimationUITests.m; sourceTree = "<group>"; };
		D59D3D1C1CB513A300443460 /* Info.plist */ = {isa = PBXFileReference; lastKnownFileType = text.plist.xml; path = Info.plist; sourceTree = "<group>"; };
		D59D3D281CB5147600443460 /* StartView.h */ = {isa = PBXFileReference; fileEncoding = 4; lastKnownFileType = sourcecode.c.h; path = StartView.h; sourceTree = "<group>"; };
		D59D3D291CB5147600443460 /* StartView.m */ = {isa = PBXFileReference; fileEncoding = 4; lastKnownFileType = sourcecode.c.objc; path = StartView.m; sourceTree = "<group>"; };
		D59D3D2B1CB5148900443460 /* StartView.xib */ = {isa = PBXFileReference; fileEncoding = 4; lastKnownFileType = file.xib; path = StartView.xib; sourceTree = "<group>"; };
		D5B6C20C1CB60B8B00EAE8D4 /* MenuViewController.h */ = {isa = PBXFileReference; fileEncoding = 4; lastKnownFileType = sourcecode.c.h; path = MenuViewController.h; sourceTree = "<group>"; };
		D5B6C20D1CB60B8B00EAE8D4 /* MenuViewController.m */ = {isa = PBXFileReference; fileEncoding = 4; lastKnownFileType = sourcecode.c.objc; path = MenuViewController.m; sourceTree = "<group>"; };
		D5B6C20E1CB60B8B00EAE8D4 /* MenuViewController.xib */ = {isa = PBXFileReference; fileEncoding = 4; lastKnownFileType = file.xib; path = MenuViewController.xib; sourceTree = "<group>"; };
		D5B6C2111CB60DE500EAE8D4 /* MenuItemModel.h */ = {isa = PBXFileReference; fileEncoding = 4; lastKnownFileType = sourcecode.c.h; path = MenuItemModel.h; sourceTree = "<group>"; };
		D5B6C2121CB60DE500EAE8D4 /* MenuItemModel.m */ = {isa = PBXFileReference; fileEncoding = 4; lastKnownFileType = sourcecode.c.objc; path = MenuItemModel.m; sourceTree = "<group>"; };
		D5B6C2141CB632C100EAE8D4 /* MenuButton.h */ = {isa = PBXFileReference; fileEncoding = 4; lastKnownFileType = sourcecode.c.h; path = MenuButton.h; sourceTree = "<group>"; };
		D5B6C2151CB632C100EAE8D4 /* MenuButton.m */ = {isa = PBXFileReference; fileEncoding = 4; lastKnownFileType = sourcecode.c.objc; path = MenuButton.m; sourceTree = "<group>"; };
/* End PBXFileReference section */

/* Begin PBXFrameworksBuildPhase section */
		D59D3CEF1CB513A300443460 /* Frameworks */ = {
			isa = PBXFrameworksBuildPhase;
			buildActionMask = 2147483647;
			files = (
			);
			runOnlyForDeploymentPostprocessing = 0;
		};
		D59D3D081CB513A300443460 /* Frameworks */ = {
			isa = PBXFrameworksBuildPhase;
			buildActionMask = 2147483647;
			files = (
			);
			runOnlyForDeploymentPostprocessing = 0;
		};
		D59D3D131CB513A300443460 /* Frameworks */ = {
			isa = PBXFrameworksBuildPhase;
			buildActionMask = 2147483647;
			files = (
			);
			runOnlyForDeploymentPostprocessing = 0;
		};
/* End PBXFrameworksBuildPhase section */

/* Begin PBXGroup section */
		D59D3CE91CB513A300443460 = {
			isa = PBXGroup;
			children = (
				D59D3CF41CB513A300443460 /* 20160406003-CoreAnimation-AppStartAnimation */,
				D59D3D0E1CB513A300443460 /* 20160406003-CoreAnimation-AppStartAnimationTests */,
				D59D3D191CB513A300443460 /* 20160406003-CoreAnimation-AppStartAnimationUITests */,
				D59D3CF31CB513A300443460 /* Products */,
			);
			sourceTree = "<group>";
		};
		D59D3CF31CB513A300443460 /* Products */ = {
			isa = PBXGroup;
			children = (
				D59D3CF21CB513A300443460 /* 20160406003-CoreAnimation-AppStartAnimation.app */,
				D59D3D0B1CB513A300443460 /* 20160406003-CoreAnimation-AppStartAnimationTests.xctest */,
				D59D3D161CB513A300443460 /* 20160406003-CoreAnimation-AppStartAnimationUITests.xctest */,
			);
			name = Products;
			sourceTree = "<group>";
		};
		D59D3CF41CB513A300443460 /* 20160406003-CoreAnimation-AppStartAnimation */ = {
			isa = PBXGroup;
			children = (
				D59D3CF81CB513A300443460 /* AppDelegate.h */,
				D59D3CF91CB513A300443460 /* AppDelegate.m */,
				D59D3CFB1CB513A300443460 /* ViewController.h */,
				D59D3CFC1CB513A300443460 /* ViewController.m */,
				D59D3D281CB5147600443460 /* StartView.h */,
				D59D3D291CB5147600443460 /* StartView.m */,
				D59D3D2B1CB5148900443460 /* StartView.xib */,
				D5B6C20C1CB60B8B00EAE8D4 /* MenuViewController.h */,
				D5B6C20D1CB60B8B00EAE8D4 /* MenuViewController.m */,
				D5B6C20E1CB60B8B00EAE8D4 /* MenuViewController.xib */,
				D5B6C2111CB60DE500EAE8D4 /* MenuItemModel.h */,
				D5B6C2121CB60DE500EAE8D4 /* MenuItemModel.m */,
				D5B6C2141CB632C100EAE8D4 /* MenuButton.h */,
				D5B6C2151CB632C100EAE8D4 /* MenuButton.m */,
				D59D3CFE1CB513A300443460 /* Main.storyboard */,
				D59D3D011CB513A300443460 /* Assets.xcassets */,
				D59D3D031CB513A300443460 /* LaunchScreen.storyboard */,
				D59D3D061CB513A300443460 /* Info.plist */,
				D59D3CF51CB513A300443460 /* Supporting Files */,
			);
			path = "20160406003-CoreAnimation-AppStartAnimation";
			sourceTree = "<group>";
		};
		D59D3CF51CB513A300443460 /* Supporting Files */ = {
			isa = PBXGroup;
			children = (
				D59D3CF61CB513A300443460 /* main.m */,
			);
			name = "Supporting Files";
			sourceTree = "<group>";
		};
		D59D3D0E1CB513A300443460 /* 20160406003-CoreAnimation-AppStartAnimationTests */ = {
			isa = PBXGroup;
			children = (
				D59D3D0F1CB513A300443460 /* _0160406003_CoreAnimation_AppStartAnimationTests.m */,
				D59D3D111CB513A300443460 /* Info.plist */,
			);
			path = "20160406003-CoreAnimation-AppStartAnimationTests";
			sourceTree = "<group>";
		};
		D59D3D191CB513A300443460 /* 20160406003-CoreAnimation-AppStartAnimationUITests */ = {
			isa = PBXGroup;
			children = (
				D59D3D1A1CB513A300443460 /* _0160406003_CoreAnimation_AppStartAnimationUITests.m */,
				D59D3D1C1CB513A300443460 /* Info.plist */,
			);
			path = "20160406003-CoreAnimation-AppStartAnimationUITests";
			sourceTree = "<group>";
		};
/* End PBXGroup section */

/* Begin PBXNativeTarget section */
		D59D3CF11CB513A300443460 /* 20160406003-CoreAnimation-AppStartAnimation */ = {
			isa = PBXNativeTarget;
			buildConfigurationList = D59D3D1F1CB513A300443460 /* Build configuration list for PBXNativeTarget "20160406003-CoreAnimation-AppStartAnimation" */;
			buildPhases = (
				D59D3CEE1CB513A300443460 /* Sources */,
				D59D3CEF1CB513A300443460 /* Frameworks */,
				D59D3CF01CB513A300443460 /* Resources */,
			);
			buildRules = (
			);
			dependencies = (
			);
			name = "20160406003-CoreAnimation-AppStartAnimation";
			productName = "20160406003-CoreAnimation-AppStartAnimation";
			productReference = D59D3CF21CB513A300443460 /* 20160406003-CoreAnimation-AppStartAnimation.app */;
			productType = "com.apple.product-type.application";
		};
		D59D3D0A1CB513A300443460 /* 20160406003-CoreAnimation-AppStartAnimationTests */ = {
			isa = PBXNativeTarget;
			buildConfigurationList = D59D3D221CB513A300443460 /* Build configuration list for PBXNativeTarget "20160406003-CoreAnimation-AppStartAnimationTests" */;
			buildPhases = (
				D59D3D071CB513A300443460 /* Sources */,
				D59D3D081CB513A300443460 /* Frameworks */,
				D59D3D091CB513A300443460 /* Resources */,
			);
			buildRules = (
			);
			dependencies = (
				D59D3D0D1CB513A300443460 /* PBXTargetDependency */,
			);
			name = "20160406003-CoreAnimation-AppStartAnimationTests";
			productName = "20160406003-CoreAnimation-AppStartAnimationTests";
			productReference = D59D3D0B1CB513A300443460 /* 20160406003-CoreAnimation-AppStartAnimationTests.xctest */;
			productType = "com.apple.product-type.bundle.unit-test";
		};
		D59D3D151CB513A300443460 /* 20160406003-CoreAnimation-AppStartAnimationUITests */ = {
			isa = PBXNativeTarget;
			buildConfigurationList = D59D3D251CB513A300443460 /* Build configuration list for PBXNativeTarget "20160406003-CoreAnimation-AppStartAnimationUITests" */;
			buildPhases = (
				D59D3D121CB513A300443460 /* Sources */,
				D59D3D131CB513A300443460 /* Frameworks */,
				D59D3D141CB513A300443460 /* Resources */,
			);
			buildRules = (
			);
			dependencies = (
				D59D3D181CB513A300443460 /* PBXTargetDependency */,
			);
			name = "20160406003-CoreAnimation-AppStartAnimationUITests";
			productName = "20160406003-CoreAnimation-AppStartAnimationUITests";
			productReference = D59D3D161CB513A300443460 /* 20160406003-CoreAnimation-AppStartAnimationUITests.xctest */;
			productType = "com.apple.product-type.bundle.ui-testing";
		};
/* End PBXNativeTarget section */

/* Begin PBXProject section */
		D59D3CEA1CB513A300443460 /* Project object */ = {
			isa = PBXProject;
			attributes = {
				LastUpgradeCheck = 0730;
				ORGANIZATIONNAME = Rainer;
				TargetAttributes = {
					D59D3CF11CB513A300443460 = {
						CreatedOnToolsVersion = 7.3;
					};
					D59D3D0A1CB513A300443460 = {
						CreatedOnToolsVersion = 7.3;
						TestTargetID = D59D3CF11CB513A300443460;
					};
					D59D3D151CB513A300443460 = {
						CreatedOnToolsVersion = 7.3;
						TestTargetID = D59D3CF11CB513A300443460;
					};
				};
			};
			buildConfigurationList = D59D3CED1CB513A300443460 /* Build configuration list for PBXProject "20160406003-CoreAnimation-AppStartAnimation" */;
			compatibilityVersion = "Xcode 3.2";
			developmentRegion = English;
			hasScannedForEncodings = 0;
			knownRegions = (
				en,
				Base,
			);
			mainGroup = D59D3CE91CB513A300443460;
			productRefGroup = D59D3CF31CB513A300443460 /* Products */;
			projectDirPath = "";
			projectRoot = "";
			targets = (
				D59D3CF11CB513A300443460 /* 20160406003-CoreAnimation-AppStartAnimation */,
				D59D3D0A1CB513A300443460 /* 20160406003-CoreAnimation-AppStartAnimationTests */,
				D59D3D151CB513A300443460 /* 20160406003-CoreAnimation-AppStartAnimationUITests */,
			);
		};
/* End PBXProject section */

/* Begin PBXResourcesBuildPhase section */
		D59D3CF01CB513A300443460 /* Resources */ = {
			isa = PBXResourcesBuildPhase;
			buildActionMask = 2147483647;
			files = (
				D59D3D051CB513A300443460 /* LaunchScreen.storyboard in Resources */,
				D59D3D021CB513A300443460 /* Assets.xcassets in Resources */,
				D5B6C2101CB60B8B00EAE8D4 /* MenuViewController.xib in Resources */,
				D59D3D001CB513A300443460 /* Main.storyboard in Resources */,
				D59D3D2C1CB5148900443460 /* StartView.xib in Resources */,
			);
			runOnlyForDeploymentPostprocessing = 0;
		};
		D59D3D091CB513A300443460 /* Resources */ = {
			isa = PBXResourcesBuildPhase;
			buildActionMask = 2147483647;
			files = (
			);
			runOnlyForDeploymentPostprocessing = 0;
		};
		D59D3D141CB513A300443460 /* Resources */ = {
			isa = PBXResourcesBuildPhase;
			buildActionMask = 2147483647;
			files = (
			);
			runOnlyForDeploymentPostprocessing = 0;
		};
/* End PBXResourcesBuildPhase section */

/* Begin PBXSourcesBuildPhase section */
		D59D3CEE1CB513A300443460 /* Sources */ = {
			isa = PBXSourcesBuildPhase;
			buildActionMask = 2147483647;
			files = (
				D59D3CFD1CB513A300443460 /* ViewController.m in Sources */,
				D59D3CFA1CB513A300443460 /* AppDelegate.m in Sources */,
				D59D3CF71CB513A300443460 /* main.m in Sources */,
				D5B6C2131CB60DE500EAE8D4 /* MenuItemModel.m in Sources */,
				D5B6C2161CB632C100EAE8D4 /* MenuButton.m in Sources */,
				D59D3D2A1CB5147600443460 /* StartView.m in Sources */,
				D5B6C20F1CB60B8B00EAE8D4 /* MenuViewController.m in Sources */,
			);
			runOnlyForDeploymentPostprocessing = 0;
		};
		D59D3D071CB513A300443460 /* Sources */ = {
			isa = PBXSourcesBuildPhase;
			buildActionMask = 2147483647;
			files = (
				D59D3D101CB513A300443460 /* _0160406003_CoreAnimation_AppStartAnimationTests.m in Sources */,
			);
			runOnlyForDeploymentPostprocessing = 0;
		};
		D59D3D121CB513A300443460 /* Sources */ = {
			isa = PBXSourcesBuildPhase;
			buildActionMask = 2147483647;
			files = (
				D59D3D1B1CB513A300443460 /* _0160406003_CoreAnimation_AppStartAnimationUITests.m in Sources */,
			);
			runOnlyForDeploymentPostprocessing = 0;
		};
/* End PBXSourcesBuildPhase section */

/* Begin PBXTargetDependency section */
		D59D3D0D1CB513A300443460 /* PBXTargetDependency */ = {
			isa = PBXTargetDependency;
			target = D59D3CF11CB513A300443460 /* 20160406003-CoreAnimation-AppStartAnimation */;
			targetProxy = D59D3D0C1CB513A300443460 /* PBXContainerItemProxy */;
		};
		D59D3D181CB513A300443460 /* PBXTargetDependency */ = {
			isa = PBXTargetDependency;
			target = D59D3CF11CB513A300443460 /* 20160406003-CoreAnimation-AppStartAnimation */;
			targetProxy = D59D3D171CB513A300443460 /* PBXContainerItemProxy */;
		};
/* End PBXTargetDependency section */

/* Begin PBXVariantGroup section */
		D59D3CFE1CB513A300443460 /* Main.storyboard */ = {
			isa = PBXVariantGroup;
			children = (
				D59D3CFF1CB513A300443460 /* Base */,
			);
			name = Main.storyboard;
			sourceTree = "<group>";
		};
		D59D3D031CB513A300443460 /* LaunchScreen.storyboard */ = {
			isa = PBXVariantGroup;
			children = (
				D59D3D041CB513A300443460 /* Base */,
			);
			name = LaunchScreen.storyboard;
			sourceTree = "<group>";
		};
/* End PBXVariantGroup section */

/* Begin XCBuildConfiguration section */
		D59D3D1D1CB513A300443460 /* Debug */ = {
			isa = XCBuildConfiguration;
			buildSettings = {
				ALWAYS_SEARCH_USER_PATHS = NO;
				CLANG_ANALYZER_NONNULL = YES;
				CLANG_CXX_LANGUAGE_STANDARD = "gnu++0x";
				CLANG_CXX_LIBRARY = "libc++";
				CLANG_ENABLE_MODULES = YES;
				CLANG_ENABLE_OBJC_ARC = YES;
				CLANG_WARN_BOOL_CONVERSION = YES;
				CLANG_WARN_CONSTANT_CONVERSION = YES;
				CLANG_WARN_DIRECT_OBJC_ISA_USAGE = YES_ERROR;
				CLANG_WARN_EMPTY_BODY = YES;
				CLANG_WARN_ENUM_CONVERSION = YES;
				CLANG_WARN_INT_CONVERSION = YES;
				CLANG_WARN_OBJC_ROOT_CLASS = YES_ERROR;
				CLANG_WARN_UNREACHABLE_CODE = YES;
				CLANG_WARN__DUPLICATE_METHOD_MATCH = YES;
				"CODE_SIGN_IDENTITY[sdk=iphoneos*]" = "iPhone Developer";
				COPY_PHASE_STRIP = NO;
				DEBUG_INFORMATION_FORMAT = dwarf;
				ENABLE_STRICT_OBJC_MSGSEND = YES;
				ENABLE_TESTABILITY = YES;
				GCC_C_LANGUAGE_STANDARD = gnu99;
				GCC_DYNAMIC_NO_PIC = NO;
				GCC_NO_COMMON_BLOCKS = YES;
				GCC_OPTIMIZATION_LEVEL = 0;
				GCC_PREPROCESSOR_DEFINITIONS = (
					"DEBUG=1",
					"$(inherited)",
				);
				GCC_WARN_64_TO_32_BIT_CONVERSION = YES;
				GCC_WARN_ABOUT_RETURN_TYPE = YES_ERROR;
				GCC_WARN_UNDECLARED_SELECTOR = YES;
				GCC_WARN_UNINITIALIZED_AUTOS = YES_AGGRESSIVE;
				GCC_WARN_UNUSED_FUNCTION = YES;
				GCC_WARN_UNUSED_VARIABLE = YES;
				IPHONEOS_DEPLOYMENT_TARGET = 9.3;
				MTL_ENABLE_DEBUG_INFO = YES;
				ONLY_ACTIVE_ARCH = YES;
				SDKROOT = iphoneos;
			};
			name = Debug;
		};
		D59D3D1E1CB513A300443460 /* Release */ = {
			isa = XCBuildConfiguration;
			buildSettings = {
				ALWAYS_SEARCH_USER_PATHS = NO;
				CLANG_ANALYZER_NONNULL = YES;
				CLANG_CXX_LANGUAGE_STANDARD = "gnu++0x";
				CLANG_CXX_LIBRARY = "libc++";
				CLANG_ENABLE_MODULES = YES;
				CLANG_ENABLE_OBJC_ARC = YES;
				CLANG_WARN_BOOL_CONVERSION = YES;
				CLANG_WARN_CONSTANT_CONVERSION = YES;
				CLANG_WARN_DIRECT_OBJC_ISA_USAGE = YES_ERROR;
				CLANG_WARN_EMPTY_BODY = YES;
				CLANG_WARN_ENUM_CONVERSION = YES;
				CLANG_WARN_INT_CONVERSION = YES;
				CLANG_WARN_OBJC_ROOT_CLASS = YES_ERROR;
				CLANG_WARN_UNREACHABLE_CODE = YES;
				CLANG_WARN__DUPLICATE_METHOD_MATCH = YES;
				"CODE_SIGN_IDENTITY[sdk=iphoneos*]" = "iPhone Developer";
				COPY_PHASE_STRIP = NO;
				DEBUG_INFORMATION_FORMAT = "dwarf-with-dsym";
				ENABLE_NS_ASSERTIONS = NO;
				ENABLE_STRICT_OBJC_MSGSEND = YES;
				GCC_C_LANGUAGE_STANDARD = gnu99;
				GCC_NO_COMMON_BLOCKS = YES;
				GCC_WARN_64_TO_32_BIT_CONVERSION = YES;
				GCC_WARN_ABOUT_RETURN_TYPE = YES_ERROR;
				GCC_WARN_UNDECLARED_SELECTOR = YES;
				GCC_WARN_UNINITIALIZED_AUTOS = YES_AGGRESSIVE;
				GCC_WARN_UNUSED_FUNCTION = YES;
				GCC_WARN_UNUSED_VARIABLE = YES;
				IPHONEOS_DEPLOYMENT_TARGET = 9.3;
				MTL_ENABLE_DEBUG_INFO = NO;
				SDKROOT = iphoneos;
				VALIDATE_PRODUCT = YES;
			};
			name = Release;
		};
		D59D3D201CB513A300443460 /* Debug */ = {
			isa = XCBuildConfiguration;
			buildSettings = {
				ASSETCATALOG_COMPILER_APPICON_NAME = AppIcon;
				INFOPLIST_FILE = "20160406003-CoreAnimation-AppStartAnimation/Info.plist";
				LD_RUNPATH_SEARCH_PATHS = "$(inherited) @executable_path/Frameworks";
				PRODUCT_BUNDLE_IDENTIFIER = "com.rainer.-0160406003-CoreAnimation-AppStartAnimation";
				PRODUCT_NAME = "$(TARGET_NAME)";
			};
			name = Debug;
		};
		D59D3D211CB513A300443460 /* Release */ = {
			isa = XCBuildConfiguration;
			buildSettings = {
				ASSETCATALOG_COMPILER_APPICON_NAME = AppIcon;
				INFOPLIST_FILE = "20160406003-CoreAnimation-AppStartAnimation/Info.plist";
				LD_RUNPATH_SEARCH_PATHS = "$(inherited) @executable_path/Frameworks";
				PRODUCT_BUNDLE_IDENTIFIER = "com.rainer.-0160406003-CoreAnimation-AppStartAnimation";
				PRODUCT_NAME = "$(TARGET_NAME)";
			};
			name = Release;
		};
		D59D3D231CB513A300443460 /* Debug */ = {
			isa = XCBuildConfiguration;
			buildSettings = {
				BUNDLE_LOADER = "$(TEST_HOST)";
				INFOPLIST_FILE = "20160406003-CoreAnimation-AppStartAnimationTests/Info.plist";
				LD_RUNPATH_SEARCH_PATHS = "$(inherited) @executable_path/Frameworks @loader_path/Frameworks";
				PRODUCT_BUNDLE_IDENTIFIER = "com.rainer.-0160406003-CoreAnimation-AppStartAnimationTests";
				PRODUCT_NAME = "$(TARGET_NAME)";
				TEST_HOST = "$(BUILT_PRODUCTS_DIR)/20160406003-CoreAnimation-AppStartAnimation.app/20160406003-CoreAnimation-AppStartAnimation";
			};
			name = Debug;
		};
		D59D3D241CB513A300443460 /* Release */ = {
			isa = XCBuildConfiguration;
			buildSettings = {
				BUNDLE_LOADER = "$(TEST_HOST)";
				INFOPLIST_FILE = "20160406003-CoreAnimation-AppStartAnimationTests/Info.plist";
				LD_RUNPATH_SEARCH_PATHS = "$(inherited) @executable_path/Frameworks @loader_path/Frameworks";
				PRODUCT_BUNDLE_IDENTIFIER = "com.rainer.-0160406003-CoreAnimation-AppStartAnimationTests";
				PRODUCT_NAME = "$(TARGET_NAME)";
				TEST_HOST = "$(BUILT_PRODUCTS_DIR)/20160406003-CoreAnimation-AppStartAnimation.app/20160406003-CoreAnimation-AppStartAnimation";
			};
			name = Release;
		};
		D59D3D261CB513A300443460 /* Debug */ = {
			isa = XCBuildConfiguration;
			buildSettings = {
				INFOPLIST_FILE = "20160406003-CoreAnimation-AppStartAnimationUITests/Info.plist";
				LD_RUNPATH_SEARCH_PATHS = "$(inherited) @executable_path/Frameworks @loader_path/Frameworks";
				PRODUCT_BUNDLE_IDENTIFIER = "com.rainer.-0160406003-CoreAnimation-AppStartAnimationUITests";
				PRODUCT_NAME = "$(TARGET_NAME)";
				TEST_TARGET_NAME = "20160406003-CoreAnimation-AppStartAnimation";
			};
			name = Debug;
		};
		D59D3D271CB513A300443460 /* Release */ = {
			isa = XCBuildConfiguration;
			buildSettings = {
				INFOPLIST_FILE = "20160406003-CoreAnimation-AppStartAnimationUITests/Info.plist";
				LD_RUNPATH_SEARCH_PATHS = "$(inherited) @executable_path/Frameworks @loader_path/Frameworks";
				PRODUCT_BUNDLE_IDENTIFIER = "com.rainer.-0160406003-CoreAnimation-AppStartAnimationUITests";
				PRODUCT_NAME = "$(TARGET_NAME)";
				TEST_TARGET_NAME = "20160406003-CoreAnimation-AppStartAnimation";
			};
			name = Release;
		};
/* End XCBuildConfiguration section */

/* Begin XCConfigurationList section */
		D59D3CED1CB513A300443460 /* Build configuration list for PBXProject "20160406003-CoreAnimation-AppStartAnimation" */ = {
			isa = XCConfigurationList;
			buildConfigurations = (
				D59D3D1D1CB513A300443460 /* Debug */,
				D59D3D1E1CB513A300443460 /* Release */,
			);
			defaultConfigurationIsVisible = 0;
			defaultConfigurationName = Release;
		};
		D59D3D1F1CB513A300443460 /* Build configuration list for PBXNativeTarget "20160406003-CoreAnimation-AppStartAnimation" */ = {
			isa = XCConfigurationList;
			buildConfigurations = (
				D59D3D201CB513A300443460 /* Debug */,
				D59D3D211CB513A300443460 /* Release */,
			);
			defaultConfigurationIsVisible = 0;
			defaultConfigurationName = Release;
		};
		D59D3D221CB513A300443460 /* Build configuration list for PBXNativeTarget "20160406003-CoreAnimation-AppStartAnimationTests" */ = {
			isa = XCConfigurationList;
			buildConfigurations = (
				D59D3D231CB513A300443460 /* Debug */,
				D59D3D241CB513A300443460 /* Release */,
			);
			defaultConfigurationIsVisible = 0;
			defaultConfigurationName = Release;
		};
		D59D3D251CB513A300443460 /* Build configuration list for PBXNativeTarget "20160406003-CoreAnimation-AppStartAnimationUITests" */ = {
			isa = XCConfigurationList;
			buildConfigurations = (
				D59D3D261CB513A300443460 /* Debug */,
				D59D3D271CB513A300443460 /* Release */,
			);
			defaultConfigurationIsVisible = 0;
			defaultConfigurationName = Release;
		};
/* End XCConfigurationList section */
	};
	rootObject = D59D3CEA1CB513A300443460 /* Project object */;
}
